// !$*UTF8*$!
{
	archiveVersion = 1;
	classes = {
	};
	objectVersion = 46;
	objects = {

/* Begin PBXBuildFile section */
		2A39C6BF227835E000A97D33 /* lodepng.cpp in Sources */ = {isa = PBXBuildFile; fileRef = 2A39C6BD227835E000A97D33 /* lodepng.cpp */; };
		2A75C18C227050F700803ABF /* format.cpp in Sources */ = {isa = PBXBuildFile; fileRef = 2A75C183227050F600803ABF /* format.cpp */; };
		2A75C190227050F700803ABF /* posix.cpp in Sources */ = {isa = PBXBuildFile; fileRef = 2A75C187227050F600803ABF /* posix.cpp */; };
		2AD683881E28D50E0049C1F2 /* Palette.cpp in Sources */ = {isa = PBXBuildFile; fileRef = 2A8169881E1AD58A00668B8F /* Palette.cpp */; };
		2AD683891E28D50E0049C1F2 /* sfc_palette.cpp in Sources */ = {isa = PBXBuildFile; fileRef = 2AB6F34B1E12F70200F2AE78 /* sfc_palette.cpp */; settings = {COMPILER_FLAGS = "-D SFC_MONOLITH"; }; };
		2AD6838A1E28D50E0049C1F2 /* Image.cpp in Sources */ = {isa = PBXBuildFile; fileRef = 2A8169841E1AD52500668B8F /* Image.cpp */; };
		2AD6838B1E28D50E0049C1F2 /* Tiles.cpp in Sources */ = {isa = PBXBuildFile; fileRef = 2A81698C1E1AD5DD00668B8F /* Tiles.cpp */; };
		2AD683941E28D5370049C1F2 /* sfc_tiles.cpp in Sources */ = {isa = PBXBuildFile; fileRef = 2AB6F34C1E12F70200F2AE78 /* sfc_tiles.cpp */; settings = {COMPILER_FLAGS = "-D SFC_MONOLITH"; }; };
		2AD683951E28D53A0049C1F2 /* sfc_map.cpp in Sources */ = {isa = PBXBuildFile; fileRef = 2AB6F34A1E12F70200F2AE78 /* sfc_map.cpp */; settings = {COMPILER_FLAGS = "-D SFC_MONOLITH"; }; };
		2AD683961E28D5460049C1F2 /* Map.cpp in Sources */ = {isa = PBXBuildFile; fileRef = 2A893EE61E22FCDA0032D146 /* Map.cpp */; };
		2AD683981E28D5800049C1F2 /* superfamiconv.cpp in Sources */ = {isa = PBXBuildFile; fileRef = 2AD683971E28D5800049C1F2 /* superfamiconv.cpp */; };
/* End PBXBuildFile section */

/* Begin PBXCopyFilesBuildPhase section */
		2AD6838F1E28D50E0049C1F2 /* CopyFiles */ = {
			isa = PBXCopyFilesBuildPhase;
			buildActionMask = 2147483647;
			dstPath = /usr/share/man/man1/;
			dstSubfolderSpec = 0;
			files = (
			);
			runOnlyForDeploymentPostprocessing = 1;
		};
/* End PBXCopyFilesBuildPhase section */

/* Begin PBXFileReference section */
		2A39C6BD227835E000A97D33 /* lodepng.cpp */ = {isa = PBXFileReference; fileEncoding = 4; lastKnownFileType = sourcecode.cpp.cpp; path = lodepng.cpp; sourceTree = "<group>"; };
		2A39C6BE227835E000A97D33 /* lodepng.h */ = {isa = PBXFileReference; fileEncoding = 4; lastKnownFileType = sourcecode.c.h; path = lodepng.h; sourceTree = "<group>"; };
		2A6B64C622CE7AC90055B9E3 /* Color.h */ = {isa = PBXFileReference; lastKnownFileType = sourcecode.c.h; path = Color.h; sourceTree = "<group>"; };
		2A75C17E227050F600803ABF /* time.h */ = {isa = PBXFileReference; fileEncoding = 4; lastKnownFileType = sourcecode.c.h; path = time.h; sourceTree = "<group>"; };
		2A75C17F227050F600803ABF /* ostream.h */ = {isa = PBXFileReference; fileEncoding = 4; lastKnownFileType = sourcecode.c.h; path = ostream.h; sourceTree = "<group>"; };
		2A75C180227050F600803ABF /* format-inl.h */ = {isa = PBXFileReference; fileEncoding = 4; lastKnownFileType = sourcecode.c.h; path = "format-inl.h"; sourceTree = "<group>"; };
		2A75C181227050F600803ABF /* ranges.h */ = {isa = PBXFileReference; fileEncoding = 4; lastKnownFileType = sourcecode.c.h; path = ranges.h; sourceTree = "<group>"; };
		2A75C182227050F600803ABF /* core.h */ = {isa = PBXFileReference; fileEncoding = 4; lastKnownFileType = sourcecode.c.h; path = core.h; sourceTree = "<group>"; };
		2A75C183227050F600803ABF /* format.cpp */ = {isa = PBXFileReference; fileEncoding = 4; lastKnownFileType = sourcecode.cpp.cpp; path = format.cpp; sourceTree = "<group>"; };
		2A75C184227050F600803ABF /* locale.h */ = {isa = PBXFileReference; fileEncoding = 4; lastKnownFileType = sourcecode.c.h; path = locale.h; sourceTree = "<group>"; };
		2A75C185227050F600803ABF /* chrono.h */ = {isa = PBXFileReference; fileEncoding = 4; lastKnownFileType = sourcecode.c.h; path = chrono.h; sourceTree = "<group>"; };
		2A75C186227050F600803ABF /* color.h */ = {isa = PBXFileReference; fileEncoding = 4; lastKnownFileType = sourcecode.c.h; path = color.h; sourceTree = "<group>"; };
		2A75C187227050F600803ABF /* posix.cpp */ = {isa = PBXFileReference; fileEncoding = 4; lastKnownFileType = sourcecode.cpp.cpp; path = posix.cpp; sourceTree = "<group>"; };
		2A75C188227050F600803ABF /* printf.h */ = {isa = PBXFileReference; fileEncoding = 4; lastKnownFileType = sourcecode.c.h; path = printf.h; sourceTree = "<group>"; };
		2A75C189227050F600803ABF /* posix.h */ = {isa = PBXFileReference; fileEncoding = 4; lastKnownFileType = sourcecode.c.h; path = posix.h; sourceTree = "<group>"; };
		2A75C18B227050F600803ABF /* format.h */ = {isa = PBXFileReference; fileEncoding = 4; lastKnownFileType = sourcecode.c.h; path = format.h; sourceTree = "<group>"; };
		2A75C1962270512600803ABF /* json.hpp */ = {isa = PBXFileReference; lastKnownFileType = sourcecode.cpp.h; path = json.hpp; sourceTree = "<group>"; };
		2A8169841E1AD52500668B8F /* Image.cpp */ = {isa = PBXFileReference; fileEncoding = 4; lastKnownFileType = sourcecode.cpp.cpp; path = Image.cpp; sourceTree = "<group>"; };
		2A8169881E1AD58A00668B8F /* Palette.cpp */ = {isa = PBXFileReference; fileEncoding = 4; lastKnownFileType = sourcecode.cpp.cpp; path = Palette.cpp; sourceTree = "<group>"; };
		2A81698C1E1AD5DD00668B8F /* Tiles.cpp */ = {isa = PBXFileReference; fileEncoding = 4; lastKnownFileType = sourcecode.cpp.cpp; path = Tiles.cpp; sourceTree = "<group>"; };
		2A893EE51E22FCA20032D146 /* Map.h */ = {isa = PBXFileReference; lastKnownFileType = sourcecode.c.h; path = Map.h; sourceTree = "<group>"; };
		2A893EE61E22FCDA0032D146 /* Map.cpp */ = {isa = PBXFileReference; fileEncoding = 4; lastKnownFileType = sourcecode.cpp.cpp; path = Map.cpp; sourceTree = "<group>"; };
		2AA93759227E1E4600A9C98D /* Mode.h */ = {isa = PBXFileReference; lastKnownFileType = sourcecode.c.h; path = Mode.h; sourceTree = "<group>"; };
		2AB6F3491E12F6F500F2AE78 /* Options.h */ = {isa = PBXFileReference; lastKnownFileType = sourcecode.c.h; path = Options.h; sourceTree = "<group>"; };
		2AB6F34A1E12F70200F2AE78 /* sfc_map.cpp */ = {isa = PBXFileReference; lastKnownFileType = sourcecode.cpp.cpp; path = sfc_map.cpp; sourceTree = "<group>"; };
		2AB6F34B1E12F70200F2AE78 /* sfc_palette.cpp */ = {isa = PBXFileReference; lastKnownFileType = sourcecode.cpp.cpp; path = sfc_palette.cpp; sourceTree = "<group>"; };
		2AB6F34C1E12F70200F2AE78 /* sfc_tiles.cpp */ = {isa = PBXFileReference; lastKnownFileType = sourcecode.cpp.cpp; path = sfc_tiles.cpp; sourceTree = "<group>"; };
		2AB6F3781E130CD600F2AE78 /* Palette.h */ = {isa = PBXFileReference; fileEncoding = 4; lastKnownFileType = sourcecode.c.h; path = Palette.h; sourceTree = "<group>"; };
		2AB6F37C1E130E4900F2AE78 /* Common.h */ = {isa = PBXFileReference; lastKnownFileType = sourcecode.c.h; path = Common.h; sourceTree = "<group>"; };
		2AB6F37E1E133CE300F2AE78 /* Image.h */ = {isa = PBXFileReference; fileEncoding = 4; lastKnownFileType = sourcecode.c.h; path = Image.h; sourceTree = "<group>"; };
		2AD683931E28D50E0049C1F2 /* superfamiconv */ = {isa = PBXFileReference; explicitFileType = "compiled.mach-o.executable"; includeInIndex = 0; path = superfamiconv; sourceTree = BUILT_PRODUCTS_DIR; };
		2AD683971E28D5800049C1F2 /* superfamiconv.cpp */ = {isa = PBXFileReference; fileEncoding = 4; lastKnownFileType = sourcecode.cpp.cpp; path = superfamiconv.cpp; sourceTree = "<group>"; };
		2AD9CC901E1985D100BA0593 /* Tiles.h */ = {isa = PBXFileReference; lastKnownFileType = sourcecode.c.h; path = Tiles.h; sourceTree = "<group>"; };
/* End PBXFileReference section */

/* Begin PBXFrameworksBuildPhase section */
		2AD6838E1E28D50E0049C1F2 /* Frameworks */ = {
			isa = PBXFrameworksBuildPhase;
			buildActionMask = 2147483647;
			files = (
			);
			runOnlyForDeploymentPostprocessing = 0;
		};
/* End PBXFrameworksBuildPhase section */

/* Begin PBXGroup section */
		2A468C5A1E11B6E200433FCE = {
			isa = PBXGroup;
			children = (
				2A468C6D1E11B70100433FCE /* src */,
				2A468C731E11DC1D00433FCE /* include */,
				2A468C641E11B6E200433FCE /* Products */,
			);
			sourceTree = "<group>";
		};
		2A468C641E11B6E200433FCE /* Products */ = {
			isa = PBXGroup;
			children = (
				2AD683931E28D50E0049C1F2 /* superfamiconv */,
			);
			name = Products;
			sourceTree = "<group>";
		};
		2A468C6D1E11B70100433FCE /* src */ = {
			isa = PBXGroup;
			children = (
				2AD683971E28D5800049C1F2 /* superfamiconv.cpp */,
				2AB6F34B1E12F70200F2AE78 /* sfc_palette.cpp */,
				2AB6F34C1E12F70200F2AE78 /* sfc_tiles.cpp */,
				2AB6F34A1E12F70200F2AE78 /* sfc_map.cpp */,
				2A6B64C622CE7AC90055B9E3 /* Color.h */,
				2AB6F37C1E130E4900F2AE78 /* Common.h */,
				2A8169841E1AD52500668B8F /* Image.cpp */,
				2AB6F37E1E133CE300F2AE78 /* Image.h */,
				2A893EE61E22FCDA0032D146 /* Map.cpp */,
				2A893EE51E22FCA20032D146 /* Map.h */,
				2AA93759227E1E4600A9C98D /* Mode.h */,
				2A8169881E1AD58A00668B8F /* Palette.cpp */,
				2AB6F3781E130CD600F2AE78 /* Palette.h */,
				2A81698C1E1AD5DD00668B8F /* Tiles.cpp */,
				2AD9CC901E1985D100BA0593 /* Tiles.h */,
			);
			path = src;
			sourceTree = "<group>";
		};
		2A468C731E11DC1D00433FCE /* include */ = {
			isa = PBXGroup;
			children = (
				2A75C17D227050F600803ABF /* fmt */,
				2A468C741E11DC1D00433FCE /* LodePNG */,
				2A75C1942270512600803ABF /* nlohmann */,
				2AB6F3491E12F6F500F2AE78 /* Options.h */,
			);
			path = include;
			sourceTree = "<group>";
		};
		2A468C741E11DC1D00433FCE /* LodePNG */ = {
			isa = PBXGroup;
			children = (
				2A39C6BD227835E000A97D33 /* lodepng.cpp */,
				2A39C6BE227835E000A97D33 /* lodepng.h */,
			);
			path = LodePNG;
			sourceTree = "<group>";
		};
		2A75C17D227050F600803ABF /* fmt */ = {
			isa = PBXGroup;
			children = (
				2A75C17E227050F600803ABF /* time.h */,
				2A75C17F227050F600803ABF /* ostream.h */,
				2A75C180227050F600803ABF /* format-inl.h */,
				2A75C181227050F600803ABF /* ranges.h */,
				2A75C182227050F600803ABF /* core.h */,
				2A75C183227050F600803ABF /* format.cpp */,
				2A75C184227050F600803ABF /* locale.h */,
				2A75C185227050F600803ABF /* chrono.h */,
				2A75C186227050F600803ABF /* color.h */,
				2A75C187227050F600803ABF /* posix.cpp */,
				2A75C188227050F600803ABF /* printf.h */,
				2A75C189227050F600803ABF /* posix.h */,
				2A75C18B227050F600803ABF /* format.h */,
			);
			path = fmt;
			sourceTree = "<group>";
		};
		2A75C1942270512600803ABF /* nlohmann */ = {
			isa = PBXGroup;
			children = (
				2A75C1962270512600803ABF /* json.hpp */,
			);
			path = nlohmann;
			sourceTree = "<group>";
		};
/* End PBXGroup section */

/* Begin PBXNativeTarget section */
		2AD683861E28D50E0049C1F2 /* superfamiconv */ = {
			isa = PBXNativeTarget;
			buildConfigurationList = 2AD683901E28D50E0049C1F2 /* Build configuration list for PBXNativeTarget "superfamiconv" */;
			buildPhases = (
				2AD683871E28D50E0049C1F2 /* Sources */,
				2AD6838E1E28D50E0049C1F2 /* Frameworks */,
				2AD6838F1E28D50E0049C1F2 /* CopyFiles */,
			);
			buildRules = (
			);
			dependencies = (
			);
			name = superfamiconv;
			productName = sfc_palette;
			productReference = 2AD683931E28D50E0049C1F2 /* superfamiconv */;
			productType = "com.apple.product-type.tool";
		};
/* End PBXNativeTarget section */

/* Begin PBXProject section */
		2A468C5B1E11B6E200433FCE /* Project object */ = {
			isa = PBXProject;
			attributes = {
				LastUpgradeCheck = 1020;
				ORGANIZATIONNAME = MEGABOYS;
				TargetAttributes = {
					2AD683861E28D50E0049C1F2 = {
						DevelopmentTeam = 4227DL484S;
					};
				};
			};
			buildConfigurationList = 2A468C5E1E11B6E200433FCE /* Build configuration list for PBXProject "SuperFamiconv" */;
			compatibilityVersion = "Xcode 3.2";
			developmentRegion = English;
			hasScannedForEncodings = 0;
			knownRegions = (
				English,
				en,
			);
			mainGroup = 2A468C5A1E11B6E200433FCE;
			productRefGroup = 2A468C641E11B6E200433FCE /* Products */;
			projectDirPath = "";
			projectRoot = "";
			targets = (
				2AD683861E28D50E0049C1F2 /* superfamiconv */,
			);
		};
/* End PBXProject section */

/* Begin PBXSourcesBuildPhase section */
		2AD683871E28D50E0049C1F2 /* Sources */ = {
			isa = PBXSourcesBuildPhase;
			buildActionMask = 2147483647;
			files = (
				2AD683891E28D50E0049C1F2 /* sfc_palette.cpp in Sources */,
				2AD683941E28D5370049C1F2 /* sfc_tiles.cpp in Sources */,
				2AD683951E28D53A0049C1F2 /* sfc_map.cpp in Sources */,
				2AD683881E28D50E0049C1F2 /* Palette.cpp in Sources */,
				2A39C6BF227835E000A97D33 /* lodepng.cpp in Sources */,
				2AD683981E28D5800049C1F2 /* superfamiconv.cpp in Sources */,
				2A75C190227050F700803ABF /* posix.cpp in Sources */,
				2AD6838A1E28D50E0049C1F2 /* Image.cpp in Sources */,
				2AD683961E28D5460049C1F2 /* Map.cpp in Sources */,
				2AD6838B1E28D50E0049C1F2 /* Tiles.cpp in Sources */,
				2A75C18C227050F700803ABF /* format.cpp in Sources */,
			);
			runOnlyForDeploymentPostprocessing = 0;
		};
/* End PBXSourcesBuildPhase section */

/* Begin XCBuildConfiguration section */
		2A468C681E11B6E200433FCE /* Debug */ = {
			isa = XCBuildConfiguration;
			buildSettings = {
				ALWAYS_SEARCH_USER_PATHS = NO;
				CLANG_ANALYZER_NONNULL = YES;
				CLANG_CXX_LANGUAGE_STANDARD = "gnu++17";
				CLANG_CXX_LIBRARY = "libc++";
				CLANG_ENABLE_MODULES = NO;
				CLANG_ENABLE_OBJC_ARC = YES;
				CLANG_WARN_BLOCK_CAPTURE_AUTORELEASING = YES;
				CLANG_WARN_BOOL_CONVERSION = YES;
				CLANG_WARN_COMMA = YES;
				CLANG_WARN_CONSTANT_CONVERSION = YES;
				CLANG_WARN_DEPRECATED_OBJC_IMPLEMENTATIONS = YES;
				CLANG_WARN_DIRECT_OBJC_ISA_USAGE = YES_ERROR;
				CLANG_WARN_DOCUMENTATION_COMMENTS = YES;
				CLANG_WARN_EMPTY_BODY = YES;
				CLANG_WARN_ENUM_CONVERSION = YES;
				CLANG_WARN_INFINITE_RECURSION = YES;
				CLANG_WARN_INT_CONVERSION = YES;
				CLANG_WARN_NON_LITERAL_NULL_CONVERSION = YES;
				CLANG_WARN_OBJC_IMPLICIT_RETAIN_SELF = YES;
				CLANG_WARN_OBJC_LITERAL_CONVERSION = YES;
				CLANG_WARN_OBJC_ROOT_CLASS = YES_ERROR;
				CLANG_WARN_RANGE_LOOP_ANALYSIS = YES;
				CLANG_WARN_STRICT_PROTOTYPES = YES;
				CLANG_WARN_SUSPICIOUS_MOVE = YES;
				CLANG_WARN_UNREACHABLE_CODE = YES;
				CLANG_WARN__DUPLICATE_METHOD_MATCH = YES;
				CODE_SIGN_IDENTITY = "Mac Developer";
				COPY_PHASE_STRIP = NO;
				DEBUG_INFORMATION_FORMAT = dwarf;
				DEVELOPMENT_TEAM = 4227DL484S;
				ENABLE_STRICT_OBJC_MSGSEND = YES;
				ENABLE_TESTABILITY = YES;
				GCC_C_LANGUAGE_STANDARD = gnu99;
				GCC_DYNAMIC_NO_PIC = NO;
				GCC_INLINES_ARE_PRIVATE_EXTERN = YES;
				GCC_NO_COMMON_BLOCKS = YES;
				GCC_OPTIMIZATION_LEVEL = 0;
				GCC_PREPROCESSOR_DEFINITIONS = (
					"DEBUG=1",
					"$(inherited)",
				);
				GCC_SYMBOLS_PRIVATE_EXTERN = YES;
				GCC_WARN_64_TO_32_BIT_CONVERSION = YES;
				GCC_WARN_ABOUT_RETURN_TYPE = YES_ERROR;
				GCC_WARN_UNDECLARED_SELECTOR = YES;
				GCC_WARN_UNINITIALIZED_AUTOS = YES_AGGRESSIVE;
				GCC_WARN_UNUSED_FUNCTION = YES;
				GCC_WARN_UNUSED_VARIABLE = YES;
				HEADER_SEARCH_PATHS = "$(SRCROOT)/include";
				MACOSX_DEPLOYMENT_TARGET = 10.10;
				MTL_ENABLE_DEBUG_INFO = YES;
				ONLY_ACTIVE_ARCH = YES;
				SDKROOT = macosx;
				VALID_ARCHS = x86_64;
			};
			name = Debug;
		};
		2A468C691E11B6E200433FCE /* Release */ = {
			isa = XCBuildConfiguration;
			buildSettings = {
				ALWAYS_SEARCH_USER_PATHS = NO;
				CLANG_ANALYZER_NONNULL = YES;
				CLANG_CXX_LANGUAGE_STANDARD = "gnu++17";
				CLANG_CXX_LIBRARY = "libc++";
				CLANG_ENABLE_MODULES = NO;
				CLANG_ENABLE_OBJC_ARC = YES;
				CLANG_WARN_BLOCK_CAPTURE_AUTORELEASING = YES;
				CLANG_WARN_BOOL_CONVERSION = YES;
				CLANG_WARN_COMMA = YES;
				CLANG_WARN_CONSTANT_CONVERSION = YES;
				CLANG_WARN_DEPRECATED_OBJC_IMPLEMENTATIONS = YES;
				CLANG_WARN_DIRECT_OBJC_ISA_USAGE = YES_ERROR;
				CLANG_WARN_DOCUMENTATION_COMMENTS = YES;
				CLANG_WARN_EMPTY_BODY = YES;
				CLANG_WARN_ENUM_CONVERSION = YES;
				CLANG_WARN_INFINITE_RECURSION = YES;
				CLANG_WARN_INT_CONVERSION = YES;
				CLANG_WARN_NON_LITERAL_NULL_CONVERSION = YES;
				CLANG_WARN_OBJC_IMPLICIT_RETAIN_SELF = YES;
				CLANG_WARN_OBJC_LITERAL_CONVERSION = YES;
				CLANG_WARN_OBJC_ROOT_CLASS = YES_ERROR;
				CLANG_WARN_RANGE_LOOP_ANALYSIS = YES;
				CLANG_WARN_STRICT_PROTOTYPES = YES;
				CLANG_WARN_SUSPICIOUS_MOVE = YES;
				CLANG_WARN_UNREACHABLE_CODE = YES;
				CLANG_WARN__DUPLICATE_METHOD_MATCH = YES;
				CODE_SIGN_IDENTITY = "Mac Developer";
				COPY_PHASE_STRIP = NO;
				DEBUG_INFORMATION_FORMAT = "dwarf-with-dsym";
				DEVELOPMENT_TEAM = 4227DL484S;
				ENABLE_NS_ASSERTIONS = NO;
				ENABLE_STRICT_OBJC_MSGSEND = YES;
				GCC_C_LANGUAGE_STANDARD = gnu99;
				GCC_INLINES_ARE_PRIVATE_EXTERN = YES;
				GCC_NO_COMMON_BLOCKS = YES;
				GCC_OPTIMIZATION_LEVEL = s;
				GCC_SYMBOLS_PRIVATE_EXTERN = YES;
				GCC_WARN_64_TO_32_BIT_CONVERSION = YES;
				GCC_WARN_ABOUT_RETURN_TYPE = YES_ERROR;
				GCC_WARN_UNDECLARED_SELECTOR = YES;
				GCC_WARN_UNINITIALIZED_AUTOS = YES_AGGRESSIVE;
				GCC_WARN_UNUSED_FUNCTION = YES;
				GCC_WARN_UNUSED_VARIABLE = YES;
				HEADER_SEARCH_PATHS = "$(SRCROOT)/include";
				MACOSX_DEPLOYMENT_TARGET = 10.10;
				MTL_ENABLE_DEBUG_INFO = NO;
				SDKROOT = macosx;
				VALID_ARCHS = x86_64;
			};
			name = Release;
		};
		2AD683911E28D50E0049C1F2 /* Debug */ = {
			isa = XCBuildConfiguration;
			buildSettings = {
				CLANG_ANALYZER_SECURITY_FLOATLOOPCOUNTER = YES;
				CLANG_ANALYZER_SECURITY_INSECUREAPI_RAND = YES;
				CLANG_ANALYZER_SECURITY_INSECUREAPI_STRCPY = YES;
				CLANG_CXX_LANGUAGE_STANDARD = "gnu++17";
				CLANG_WARN_IMPLICIT_SIGN_CONVERSION = NO;
				CLANG_WARN_SUSPICIOUS_IMPLICIT_CONVERSION = NO;
				CODE_SIGN_IDENTITY = "Mac Developer";
				DEVELOPMENT_TEAM = 4227DL484S;
				GCC_WARN_64_TO_32_BIT_CONVERSION = YES;
				GCC_WARN_ABOUT_MISSING_FIELD_INITIALIZERS = YES;
				GCC_WARN_ABOUT_MISSING_PROTOTYPES = NO;
				GCC_WARN_INITIALIZER_NOT_FULLY_BRACKETED = YES;
				GCC_WARN_PEDANTIC = YES;
				GCC_WARN_SHADOW = YES;
				GCC_WARN_SIGN_COMPARE = YES;
				GCC_WARN_UNUSED_LABEL = YES;
				GCC_WARN_UNUSED_PARAMETER = YES;
				MACOSX_DEPLOYMENT_TARGET = 10.10;
				PRODUCT_NAME = "$(TARGET_NAME)";
			};
			name = Debug;
		};
		2AD683921E28D50E0049C1F2 /* Release */ = {
			isa = XCBuildConfiguration;
			buildSettings = {
				CLANG_ANALYZER_SECURITY_FLOATLOOPCOUNTER = YES;
				CLANG_ANALYZER_SECURITY_INSECUREAPI_RAND = YES;
				CLANG_ANALYZER_SECURITY_INSECUREAPI_STRCPY = YES;
				CLANG_CXX_LANGUAGE_STANDARD = "gnu++17";
				CLANG_WARN_IMPLICIT_SIGN_CONVERSION = NO;
				CLANG_WARN_SUSPICIOUS_IMPLICIT_CONVERSION = NO;
				CODE_SIGN_IDENTITY = "Mac Developer";
				DEVELOPMENT_TEAM = 4227DL484S;
				GCC_WARN_64_TO_32_BIT_CONVERSION = YES;
				GCC_WARN_ABOUT_MISSING_FIELD_INITIALIZERS = YES;
				GCC_WARN_ABOUT_MISSING_PROTOTYPES = NO;
				GCC_WARN_INITIALIZER_NOT_FULLY_BRACKETED = YES;
				GCC_WARN_PEDANTIC = YES;
				GCC_WARN_SHADOW = YES;
				GCC_WARN_SIGN_COMPARE = YES;
				GCC_WARN_UNUSED_LABEL = YES;
				GCC_WARN_UNUSED_PARAMETER = YES;
				MACOSX_DEPLOYMENT_TARGET = 10.10;
				PRODUCT_NAME = "$(TARGET_NAME)";
			};
			name = Release;
		};
/* End XCBuildConfiguration section */

/* Begin XCConfigurationList section */
		2A468C5E1E11B6E200433FCE /* Build configuration list for PBXProject "SuperFamiconv" */ = {
			isa = XCConfigurationList;
			buildConfigurations = (
				2A468C681E11B6E200433FCE /* Debug */,
				2A468C691E11B6E200433FCE /* Release */,
			);
			defaultConfigurationIsVisible = 0;
			defaultConfigurationName = Release;
		};
		2AD683901E28D50E0049C1F2 /* Build configuration list for PBXNativeTarget "superfamiconv" */ = {
			isa = XCConfigurationList;
			buildConfigurations = (
				2AD683911E28D50E0049C1F2 /* Debug */,
				2AD683921E28D50E0049C1F2 /* Release */,
			);
			defaultConfigurationIsVisible = 0;
			defaultConfigurationName = Release;
		};
/* End XCConfigurationList section */
	};
	rootObject = 2A468C5B1E11B6E200433FCE /* Project object */;
}
